// !$*UTF8*$!
{
	archiveVersion = 1;
	classes = {
	};
	objectVersion = 55;
	objects = {

/* Begin PBXBuildFile section */
		E418B556E495C1335BCFA3B7 /* Pods_E_commerce.framework in Frameworks */ = {isa = PBXBuildFile; fileRef = 6D281E839A843F0E59696C98 /* Pods_E_commerce.framework */; };
		E8EBB0C5299FDD32009D2B23 /* AppDelegate.swift in Sources */ = {isa = PBXBuildFile; fileRef = E8EBB0C4299FDD32009D2B23 /* AppDelegate.swift */; };
		E8EBB0C7299FDD32009D2B23 /* SceneDelegate.swift in Sources */ = {isa = PBXBuildFile; fileRef = E8EBB0C6299FDD32009D2B23 /* SceneDelegate.swift */; };
		E8EBB0C9299FDD32009D2B23 /* ViewController.swift in Sources */ = {isa = PBXBuildFile; fileRef = E8EBB0C8299FDD32009D2B23 /* ViewController.swift */; };
		E8EBB0CC299FDD32009D2B23 /* Main.storyboard in Resources */ = {isa = PBXBuildFile; fileRef = E8EBB0CA299FDD32009D2B23 /* Main.storyboard */; };
		E8EBB0CE299FDD35009D2B23 /* Assets.xcassets in Resources */ = {isa = PBXBuildFile; fileRef = E8EBB0CD299FDD35009D2B23 /* Assets.xcassets */; };
		E8EBB0D1299FDD35009D2B23 /* LaunchScreen.storyboard in Resources */ = {isa = PBXBuildFile; fileRef = E8EBB0CF299FDD35009D2B23 /* LaunchScreen.storyboard */; };
/* End PBXBuildFile section */

/* Begin PBXFileReference section */
		2FC326F9F44ECB0D1A336237 /* Pods-E commerce.debug.xcconfig */ = {isa = PBXFileReference; includeInIndex = 1; lastKnownFileType = text.xcconfig; name = "Pods-E commerce.debug.xcconfig"; path = "Target Support Files/Pods-E commerce/Pods-E commerce.debug.xcconfig"; sourceTree = "<group>"; };
		6D281E839A843F0E59696C98 /* Pods_E_commerce.framework */ = {isa = PBXFileReference; explicitFileType = wrapper.framework; includeInIndex = 0; path = Pods_E_commerce.framework; sourceTree = BUILT_PRODUCTS_DIR; };
		E8EBB0C1299FDD32009D2B23 /* E commerce.app */ = {isa = PBXFileReference; explicitFileType = wrapper.application; includeInIndex = 0; path = "E commerce.app"; sourceTree = BUILT_PRODUCTS_DIR; };
		E8EBB0C4299FDD32009D2B23 /* AppDelegate.swift */ = {isa = PBXFileReference; lastKnownFileType = sourcecode.swift; path = AppDelegate.swift; sourceTree = "<group>"; };
		E8EBB0C6299FDD32009D2B23 /* SceneDelegate.swift */ = {isa = PBXFileReference; lastKnownFileType = sourcecode.swift; path = SceneDelegate.swift; sourceTree = "<group>"; };
		E8EBB0C8299FDD32009D2B23 /* ViewController.swift */ = {isa = PBXFileReference; lastKnownFileType = sourcecode.swift; path = ViewController.swift; sourceTree = "<group>"; };
		E8EBB0CB299FDD32009D2B23 /* Base */ = {isa = PBXFileReference; lastKnownFileType = file.storyboard; name = Base; path = Base.lproj/Main.storyboard; sourceTree = "<group>"; };
		E8EBB0CD299FDD35009D2B23 /* Assets.xcassets */ = {isa = PBXFileReference; lastKnownFileType = folder.assetcatalog; path = Assets.xcassets; sourceTree = "<group>"; };
		E8EBB0D0299FDD35009D2B23 /* Base */ = {isa = PBXFileReference; lastKnownFileType = file.storyboard; name = Base; path = Base.lproj/LaunchScreen.storyboard; sourceTree = "<group>"; };
		E8EBB0D2299FDD35009D2B23 /* Info.plist */ = {isa = PBXFileReference; lastKnownFileType = text.plist.xml; path = Info.plist; sourceTree = "<group>"; };
		EE238B97F2C575E3B9040D48 /* Pods-E commerce.release.xcconfig */ = {isa = PBXFileReference; includeInIndex = 1; lastKnownFileType = text.xcconfig; name = "Pods-E commerce.release.xcconfig"; path = "Target Support Files/Pods-E commerce/Pods-E commerce.release.xcconfig"; sourceTree = "<group>"; };
/* End PBXFileReference section */

/* Begin PBXFrameworksBuildPhase section */
		E8EBB0BE299FDD32009D2B23 /* Frameworks */ = {
			isa = PBXFrameworksBuildPhase;
			buildActionMask = 2147483647;
			files = (
				E418B556E495C1335BCFA3B7 /* Pods_E_commerce.framework in Frameworks */,
			);
			runOnlyForDeploymentPostprocessing = 0;
		};
/* End PBXFrameworksBuildPhase section */

/* Begin PBXGroup section */
		7A90E9A826CEE7BF7F242849 /* Pods */ = {
			isa = PBXGroup;
			children = (
				2FC326F9F44ECB0D1A336237 /* Pods-E commerce.debug.xcconfig */,
				EE238B97F2C575E3B9040D48 /* Pods-E commerce.release.xcconfig */,
			);
			name = Pods;
			path = Pods;
			sourceTree = "<group>";
		};
		C2D3D72BB59D21C81A6A0E33 /* Frameworks */ = {
			isa = PBXGroup;
			children = (
				6D281E839A843F0E59696C98 /* Pods_E_commerce.framework */,
			);
			name = Frameworks;
			sourceTree = "<group>";
		};
		E8EBB0B8299FDD32009D2B23 = {
			isa = PBXGroup;
			children = (
				E8EBB0C3299FDD32009D2B23 /* E commerce */,
				E8EBB0C2299FDD32009D2B23 /* Products */,
				7A90E9A826CEE7BF7F242849 /* Pods */,
				C2D3D72BB59D21C81A6A0E33 /* Frameworks */,
			);
			sourceTree = "<group>";
		};
		E8EBB0C2299FDD32009D2B23 /* Products */ = {
			isa = PBXGroup;
			children = (
				E8EBB0C1299FDD32009D2B23 /* E commerce.app */,
			);
			name = Products;
			sourceTree = "<group>";
		};
		E8EBB0C3299FDD32009D2B23 /* E commerce */ = {
			isa = PBXGroup;
			children = (
				E8EBB0C4299FDD32009D2B23 /* AppDelegate.swift */,
				E8EBB0C6299FDD32009D2B23 /* SceneDelegate.swift */,
				E8EBB0C8299FDD32009D2B23 /* ViewController.swift */,
				E8EBB0CA299FDD32009D2B23 /* Main.storyboard */,
				E8EBB0CD299FDD35009D2B23 /* Assets.xcassets */,
				E8EBB0CF299FDD35009D2B23 /* LaunchScreen.storyboard */,
				E8EBB0D2299FDD35009D2B23 /* Info.plist */,
			);
			path = "E commerce";
			sourceTree = "<group>";
		};
/* End PBXGroup section */

/* Begin PBXNativeTarget section */
		E8EBB0C0299FDD32009D2B23 /* E commerce */ = {
			isa = PBXNativeTarget;
			buildConfigurationList = E8EBB0D5299FDD35009D2B23 /* Build configuration list for PBXNativeTarget "E commerce" */;
			buildPhases = (
				A131AD4B369D30D213F72649 /* [CP] Check Pods Manifest.lock */,
				E8EBB0BD299FDD32009D2B23 /* Sources */,
				E8EBB0BE299FDD32009D2B23 /* Frameworks */,
				E8EBB0BF299FDD32009D2B23 /* Resources */,
				CFB1B8FA39831907990D11F7 /* [CP] Embed Pods Frameworks */,
			);
			buildRules = (
			);
			dependencies = (
			);
			name = "E commerce";
			productName = "E commerce";
			productReference = E8EBB0C1299FDD32009D2B23 /* E commerce.app */;
			productType = "com.apple.product-type.application";
		};
/* End PBXNativeTarget section */

/* Begin PBXProject section */
		E8EBB0B9299FDD32009D2B23 /* Project object */ = {
			isa = PBXProject;
			attributes = {
				BuildIndependentTargetsInParallel = 1;
				LastSwiftUpdateCheck = 1400;
				LastUpgradeCheck = 1400;
				TargetAttributes = {
					E8EBB0C0299FDD32009D2B23 = {
						CreatedOnToolsVersion = 14.0.1;
					};
				};
			};
			buildConfigurationList = E8EBB0BC299FDD32009D2B23 /* Build configuration list for PBXProject "E commerce" */;
			compatibilityVersion = "Xcode 13.0";
			developmentRegion = en;
			hasScannedForEncodings = 0;
			knownRegions = (
				en,
				Base,
			);
			mainGroup = E8EBB0B8299FDD32009D2B23;
			productRefGroup = E8EBB0C2299FDD32009D2B23 /* Products */;
			projectDirPath = "";
			projectRoot = "";
			targets = (
				E8EBB0C0299FDD32009D2B23 /* E commerce */,
			);
		};
/* End PBXProject section */

/* Begin PBXResourcesBuildPhase section */
		E8EBB0BF299FDD32009D2B23 /* Resources */ = {
			isa = PBXResourcesBuildPhase;
			buildActionMask = 2147483647;
			files = (
				E8EBB0D1299FDD35009D2B23 /* LaunchScreen.storyboard in Resources */,
				E8EBB0CE299FDD35009D2B23 /* Assets.xcassets in Resources */,
				E8EBB0CC299FDD32009D2B23 /* Main.storyboard in Resources */,
			);
			runOnlyForDeploymentPostprocessing = 0;
		};
/* End PBXResourcesBuildPhase section */

/* Begin PBXShellScriptBuildPhase section */
		A131AD4B369D30D213F72649 /* [CP] Check Pods Manifest.lock */ = {
			isa = PBXShellScriptBuildPhase;
			buildActionMask = 2147483647;
			files = (
			);
			inputFileListPaths = (
			);
			inputPaths = (
				"${PODS_PODFILE_DIR_PATH}/Podfile.lock",
				"${PODS_ROOT}/Manifest.lock",
			);
			name = "[CP] Check Pods Manifest.lock";
			outputFileListPaths = (
			);
			outputPaths = (
				"$(DERIVED_FILE_DIR)/Pods-E commerce-checkManifestLockResult.txt",
			);
			runOnlyForDeploymentPostprocessing = 0;
			shellPath = /bin/sh;
			shellScript = "diff \"${PODS_PODFILE_DIR_PATH}/Podfile.lock\" \"${PODS_ROOT}/Manifest.lock\" > /dev/null\nif [ $? != 0 ] ; then\n    # print error to STDERR\n    echo \"error: The sandbox is not in sync with the Podfile.lock. Run 'pod install' or update your CocoaPods installation.\" >&2\n    exit 1\nfi\n# This output is used by Xcode 'outputs' to avoid re-running this script phase.\necho \"SUCCESS\" > \"${SCRIPT_OUTPUT_FILE_0}\"\n";
			showEnvVarsInLog = 0;
		};
		CFB1B8FA39831907990D11F7 /* [CP] Embed Pods Frameworks */ = {
			isa = PBXShellScriptBuildPhase;
			buildActionMask = 2147483647;
			files = (
			);
			inputFileListPaths = (
				"${PODS_ROOT}/Target Support Files/Pods-E commerce/Pods-E commerce-frameworks-${CONFIGURATION}-input-files.xcfilelist",
			);
			name = "[CP] Embed Pods Frameworks";
			outputFileListPaths = (
				"${PODS_ROOT}/Target Support Files/Pods-E commerce/Pods-E commerce-frameworks-${CONFIGURATION}-output-files.xcfilelist",
			);
			runOnlyForDeploymentPostprocessing = 0;
			shellPath = /bin/sh;
			shellScript = "\"${PODS_ROOT}/Target Support Files/Pods-E commerce/Pods-E commerce-frameworks.sh\"\n";
			showEnvVarsInLog = 0;
		};
/* End PBXShellScriptBuildPhase section */

/* Begin PBXSourcesBuildPhase section */
		E8EBB0BD299FDD32009D2B23 /* Sources */ = {
			isa = PBXSourcesBuildPhase;
			buildActionMask = 2147483647;
			files = (
				E8EBB0C9299FDD32009D2B23 /* ViewController.swift in Sources */,
				E8EBB0C5299FDD32009D2B23 /* AppDelegate.swift in Sources */,
				E8EBB0C7299FDD32009D2B23 /* SceneDelegate.swift in Sources */,
			);
			runOnlyForDeploymentPostprocessing = 0;
		};
/* End PBXSourcesBuildPhase section */

/* Begin PBXVariantGroup section */
		E8EBB0CA299FDD32009D2B23 /* Main.storyboard */ = {
			isa = PBXVariantGroup;
			children = (
				E8EBB0CB299FDD32009D2B23 /* Base */,
			);
			name = Main.storyboard;
			sourceTree = "<group>";
		};
		E8EBB0CF299FDD35009D2B23 /* LaunchScreen.storyboard */ = {
			isa = PBXVariantGroup;
			children = (
				E8EBB0D0299FDD35009D2B23 /* Base */,
			);
			name = LaunchScreen.storyboard;
			sourceTree = "<group>";
		};
/* End PBXVariantGroup section */

/* Begin XCBuildConfiguration section */
		E8EBB0D3299FDD35009D2B23 /* Debug */ = {
			isa = XCBuildConfiguration;
			buildSettings = {
				ALWAYS_SEARCH_USER_PATHS = NO;
				CLANG_ANALYZER_NONNULL = YES;
				CLANG_ANALYZER_NUMBER_OBJECT_CONVERSION = YES_AGGRESSIVE;
				CLANG_CXX_LANGUAGE_STANDARD = "gnu++20";
				CLANG_ENABLE_MODULES = YES;
				CLANG_ENABLE_OBJC_ARC = YES;
				CLANG_ENABLE_OBJC_WEAK = YES;
				CLANG_WARN_BLOCK_CAPTURE_AUTORELEASING = YES;
				CLANG_WARN_BOOL_CONVERSION = YES;
				CLANG_WARN_COMMA = YES;
				CLANG_WARN_CONSTANT_CONVERSION = YES;
				CLANG_WARN_DEPRECATED_OBJC_IMPLEMENTATIONS = YES;
				CLANG_WARN_DIRECT_OBJC_ISA_USAGE = YES_ERROR;
				CLANG_WARN_DOCUMENTATION_COMMENTS = YES;
				CLANG_WARN_EMPTY_BODY = YES;
				CLANG_WARN_ENUM_CONVERSION = YES;
				CLANG_WARN_INFINITE_RECURSION = YES;
				CLANG_WARN_INT_CONVERSION = YES;
				CLANG_WARN_NON_LITERAL_NULL_CONVERSION = YES;
				CLANG_WARN_OBJC_IMPLICIT_RETAIN_SELF = YES;
				CLANG_WARN_OBJC_LITERAL_CONVERSION = YES;
				CLANG_WARN_OBJC_ROOT_CLASS = YES_ERROR;
				CLANG_WARN_QUOTED_INCLUDE_IN_FRAMEWORK_HEADER = YES;
				CLANG_WARN_RANGE_LOOP_ANALYSIS = YES;
				CLANG_WARN_STRICT_PROTOTYPES = YES;
				CLANG_WARN_SUSPICIOUS_MOVE = YES;
				CLANG_WARN_UNGUARDED_AVAILABILITY = YES_AGGRESSIVE;
				CLANG_WARN_UNREACHABLE_CODE = YES;
				CLANG_WARN__DUPLICATE_METHOD_MATCH = YES;
				COPY_PHASE_STRIP = NO;
				DEBUG_INFORMATION_FORMAT = dwarf;
				ENABLE_STRICT_OBJC_MSGSEND = YES;
				ENABLE_TESTABILITY = YES;
				GCC_C_LANGUAGE_STANDARD = gnu11;
				GCC_DYNAMIC_NO_PIC = NO;
				GCC_NO_COMMON_BLOCKS = YES;
				GCC_OPTIMIZATION_LEVEL = 0;
				GCC_PREPROCESSOR_DEFINITIONS = (
					"DEBUG=1",
					"$(inherited)",
				);
				GCC_WARN_64_TO_32_BIT_CONVERSION = YES;
				GCC_WARN_ABOUT_RETURN_TYPE = YES_ERROR;
				GCC_WARN_UNDECLARED_SELECTOR = YES;
				GCC_WARN_UNINITIALIZED_AUTOS = YES_AGGRESSIVE;
				GCC_WARN_UNUSED_FUNCTION = YES;
				GCC_WARN_UNUSED_VARIABLE = YES;
				IPHONEOS_DEPLOYMENT_TARGET = 16.0;
				MTL_ENABLE_DEBUG_INFO = INCLUDE_SOURCE;
				MTL_FAST_MATH = YES;
				ONLY_ACTIVE_ARCH = YES;
				SDKROOT = iphoneos;
				SWIFT_ACTIVE_COMPILATION_CONDITIONS = DEBUG;
				SWIFT_OPTIMIZATION_LEVEL = "-Onone";
			};
			name = Debug;
		};
		E8EBB0D4299FDD35009D2B23 /* Release */ = {
			isa = XCBuildConfiguration;
			buildSettings = {
				ALWAYS_SEARCH_USER_PATHS = NO;
				CLANG_ANALYZER_NONNULL = YES;
				CLANG_ANALYZER_NUMBER_OBJECT_CONVERSION = YES_AGGRESSIVE;
				CLANG_CXX_LANGUAGE_STANDARD = "gnu++20";
				CLANG_ENABLE_MODULES = YES;
				CLANG_ENABLE_OBJC_ARC = YES;
				CLANG_ENABLE_OBJC_WEAK = YES;
				CLANG_WARN_BLOCK_CAPTURE_AUTORELEASING = YES;
				CLANG_WARN_BOOL_CONVERSION = YES;
				CLANG_WARN_COMMA = YES;
				CLANG_WARN_CONSTANT_CONVERSION = YES;
				CLANG_WARN_DEPRECATED_OBJC_IMPLEMENTATIONS = YES;
				CLANG_WARN_DIRECT_OBJC_ISA_USAGE = YES_ERROR;
				CLANG_WARN_DOCUMENTATION_COMMENTS = YES;
				CLANG_WARN_EMPTY_BODY = YES;
				CLANG_WARN_ENUM_CONVERSION = YES;
				CLANG_WARN_INFINITE_RECURSION = YES;
				CLANG_WARN_INT_CONVERSION = YES;
				CLANG_WARN_NON_LITERAL_NULL_CONVERSION = YES;
				CLANG_WARN_OBJC_IMPLICIT_RETAIN_SELF = YES;
				CLANG_WARN_OBJC_LITERAL_CONVERSION = YES;
				CLANG_WARN_OBJC_ROOT_CLASS = YES_ERROR;
				CLANG_WARN_QUOTED_INCLUDE_IN_FRAMEWORK_HEADER = YES;
				CLANG_WARN_RANGE_LOOP_ANALYSIS = YES;
				CLANG_WARN_STRICT_PROTOTYPES = YES;
				CLANG_WARN_SUSPICIOUS_MOVE = YES;
				CLANG_WARN_UNGUARDED_AVAILABILITY = YES_AGGRESSIVE;
				CLANG_WARN_UNREACHABLE_CODE = YES;
				CLANG_WARN__DUPLICATE_METHOD_MATCH = YES;
				COPY_PHASE_STRIP = NO;
				DEBUG_INFORMATION_FORMAT = "dwarf-with-dsym";
				ENABLE_NS_ASSERTIONS = NO;
				ENABLE_STRICT_OBJC_MSGSEND = YES;
				GCC_C_LANGUAGE_STANDARD = gnu11;
				GCC_NO_COMMON_BLOCKS = YES;
				GCC_WARN_64_TO_32_BIT_CONVERSION = YES;
				GCC_WARN_ABOUT_RETURN_TYPE = YES_ERROR;
				GCC_WARN_UNDECLARED_SELECTOR = YES;
				GCC_WARN_UNINITIALIZED_AUTOS = YES_AGGRESSIVE;
				GCC_WARN_UNUSED_FUNCTION = YES;
				GCC_WARN_UNUSED_VARIABLE = YES;
				IPHONEOS_DEPLOYMENT_TARGET = 16.0;
				MTL_ENABLE_DEBUG_INFO = NO;
				MTL_FAST_MATH = YES;
				SDKROOT = iphoneos;
				SWIFT_COMPILATION_MODE = wholemodule;
				SWIFT_OPTIMIZATION_LEVEL = "-O";
				VALIDATE_PRODUCT = YES;
			};
			name = Release;
		};
		E8EBB0D6299FDD35009D2B23 /* Debug */ = {
			isa = XCBuildConfiguration;
			baseConfigurationReference = 2FC326F9F44ECB0D1A336237 /* Pods-E commerce.debug.xcconfig */;
			buildSettings = {
				ASSETCATALOG_COMPILER_APPICON_NAME = AppIcon;
				ASSETCATALOG_COMPILER_GLOBAL_ACCENT_COLOR_NAME = AccentColor;
				CODE_SIGN_STYLE = Automatic;
				CURRENT_PROJECT_VERSION = 1;
				DEVELOPMENT_TEAM = JY622854GU;
				GENERATE_INFOPLIST_FILE = YES;
				INFOPLIST_FILE = "E commerce/Info.plist";
				INFOPLIST_KEY_UIApplicationSupportsIndirectInputEvents = YES;
				INFOPLIST_KEY_UILaunchStoryboardName = LaunchScreen;
				INFOPLIST_KEY_UIMainStoryboardFile = Main;
				INFOPLIST_KEY_UISupportedInterfaceOrientations_iPad = "UIInterfaceOrientationPortrait UIInterfaceOrientationPortraitUpsideDown UIInterfaceOrientationLandscapeLeft UIInterfaceOrientationLandscapeRight";
				INFOPLIST_KEY_UISupportedInterfaceOrientations_iPhone = "UIInterfaceOrientationPortrait UIInterfaceOrientationLandscapeLeft UIInterfaceOrientationLandscapeRight";
				LD_RUNPATH_SEARCH_PATHS = (
					"$(inherited)",
					"@executable_path/Frameworks",
				);
				MARKETING_VERSION = 1.0;
				PRODUCT_BUNDLE_IDENTIFIER = "com.lurdharry.E-commerce";
				PRODUCT_NAME = "$(TARGET_NAME)";
				SWIFT_EMIT_LOC_STRINGS = YES;
				SWIFT_VERSION = 5.0;
				TARGETED_DEVICE_FAMILY = "1,2";
			};
			name = Debug;
		};
		E8EBB0D7299FDD35009D2B23 /* Release */ = {
			isa = XCBuildConfiguration;
			baseConfigurationReference = EE238B97F2C575E3B9040D48 /* Pods-E commerce.release.xcconfig */;
			buildSettings = {
				ASSETCATALOG_COMPILER_APPICON_NAME = AppIcon;
				ASSETCATALOG_COMPILER_GLOBAL_ACCENT_COLOR_NAME = AccentColor;
				CODE_SIGN_STYLE = Automatic;
				CURRENT_PROJECT_VERSION = 1;
				DEVELOPMENT_TEAM = JY622854GU;
				GENERATE_INFOPLIST_FILE = YES;
				INFOPLIST_FILE = "E commerce/Info.plist";
				INFOPLIST_KEY_UIApplicationSupportsIndirectInputEvents = YES;
				INFOPLIST_KEY_UILaunchStoryboardName = LaunchScreen;
				INFOPLIST_KEY_UIMainStoryboardFile = Main;
				INFOPLIST_KEY_UISupportedInterfaceOrientations_iPad = "UIInterfaceOrientationPortrait UIInterfaceOrientationPortraitUpsideDown UIInterfaceOrientationLandscapeLeft UIInterfaceOrientationLandscapeRight";
				INFOPLIST_KEY_UISupportedInterfaceOrientations_iPhone = "UIInterfaceOrientationPortrait UIInterfaceOrientationLandscapeLeft UIInterfaceOrientationLandscapeRight";
				LD_RUNPATH_SEARCH_PATHS = (
					"$(inherited)",
					"@executable_path/Frameworks",
				);
				MARKETING_VERSION = 1.0;
				PRODUCT_BUNDLE_IDENTIFIER = "com.lurdharry.E-commerce";
				PRODUCT_NAME = "$(TARGET_NAME)";
				SWIFT_EMIT_LOC_STRINGS = YES;
				SWIFT_VERSION = 5.0;
				TARGETED_DEVICE_FAMILY = "1,2";
			};
			name = Release;
		};
/* End XCBuildConfiguration section */

/* Begin XCConfigurationList section */
		E8EBB0BC299FDD32009D2B23 /* Build configuration list for PBXProject "E commerce" */ = {
			isa = XCConfigurationList;
			buildConfigurations = (
				E8EBB0D3299FDD35009D2B23 /* Debug */,
				E8EBB0D4299FDD35009D2B23 /* Release */,
			);
			defaultConfigurationIsVisible = 0;
			defaultConfigurationName = Release;
		};
		E8EBB0D5299FDD35009D2B23 /* Build configuration list for PBXNativeTarget "E commerce" */ = {
			isa = XCConfigurationList;
			buildConfigurations = (
				E8EBB0D6299FDD35009D2B23 /* Debug */,
				E8EBB0D7299FDD35009D2B23 /* Release */,
			);
			defaultConfigurationIsVisible = 0;
			defaultConfigurationName = Release;
		};
/* End XCConfigurationList section */
	};
	rootObject = E8EBB0B9299FDD32009D2B23 /* Project object */;
}
